
Microsoft Visual Studio Solution File, Format Version 12.00
# Visual Studio Version 17
VisualStudioVersion = 17.11.35303.130
MinimumVisualStudioVersion = 10.0.40219.1
Project("{8BC9CEB8-8B4A-11D0-8D11-00A0C91BC942}") = "pr8.1 str", "pr8.1 str\pr8.1 str.vcxproj", "{B11A0C82-12C2-4A22-94D1-D10CBB48476F}"
EndProject
Global
	GlobalSection(SolutionConfigurationPlatforms) = preSolution
		Debug|x64 = Debug|x64
		Debug|x86 = Debug|x86
		Release|x64 = Release|x64
		Release|x86 = Release|x86
	EndGlobalSection
	GlobalSection(ProjectConfigurationPlatforms) = postSolution
		{B11A0C82-12C2-4A22-94D1-D10CBB48476F}.Debug|x64.ActiveCfg = Debug|x64
		{B11A0C82-12C2-4A22-94D1-D10CBB48476F}.Debug|x64.Build.0 = Debug|x64
		{B11A0C82-12C2-4A22-94D1-D10CBB48476F}.Debug|x86.ActiveCfg = Debug|Win32
		{B11A0C82-12C2-4A22-94D1-D10CBB48476F}.Debug|x86.Build.0 = Debug|Win32
		{B11A0C82-12C2-4A22-94D1-D10CBB48476F}.Release|x64.ActiveCfg = Release|x64
		{B11A0C82-12C2-4A22-94D1-D10CBB48476F}.Release|x64.Build.0 = Release|x64
		{B11A0C82-12C2-4A22-94D1-D10CBB48476F}.Release|x86.ActiveCfg = Release|Win32
		{B11A0C82-12C2-4A22-94D1-D10CBB48476F}.Release|x86.Build.0 = Release|Win32
	EndGlobalSection
	GlobalSection(SolutionProperties) = preSolution
		HideSolutionNode = FALSE
	EndGlobalSection
	GlobalSection(ExtensibilityGlobals) = postSolution
		SolutionGuid = {235B518B-DA9F-46CA-9225-EE7B3239B0B9}
	EndGlobalSection
EndGlobal
